lockfileVersion: '6.0'

settings:
  autoInstallPeers: true
  excludeLinksFromLockfile: false

dependencies:
  algoliasearch:
    specifier: ^4.22.1
    version: 4.22.1
  dotenv:
    specifier: ^16.4.5
    version: 16.4.5
  lodash:
    specifier: ^4.17.21
    version: 4.17.21
  pg:
    specifier: ^8.11.3
    version: 8.11.3

packages:

  /@algolia/cache-browser-local-storage@4.22.1:
    resolution: {integrity: sha512-Sw6IAmOCvvP6QNgY9j+Hv09mvkvEIDKjYW8ow0UDDAxSXy664RBNQk3i/0nt7gvceOJ6jGmOTimaZoY1THmU7g==}
    dependencies:
      '@algolia/cache-common': 4.22.1
    dev: false

  /@algolia/cache-common@4.22.1:
    resolution: {integrity: sha512-TJMBKqZNKYB9TptRRjSUtevJeQVXRmg6rk9qgFKWvOy8jhCPdyNZV1nB3SKGufzvTVbomAukFR8guu/8NRKBTA==}
    dev: false

  /@algolia/cache-in-memory@4.22.1:
    resolution: {integrity: sha512-ve+6Ac2LhwpufuWavM/aHjLoNz/Z/sYSgNIXsinGofWOysPilQZPUetqLj8vbvi+DHZZaYSEP9H5SRVXnpsNNw==}
    dependencies:
      '@algolia/cache-common': 4.22.1
    dev: false

  /@algolia/client-account@4.22.1:
    resolution: {integrity: sha512-k8m+oegM2zlns/TwZyi4YgCtyToackkOpE+xCaKCYfBfDtdGOaVZCM5YvGPtK+HGaJMIN/DoTL8asbM3NzHonw==}
    dependencies:
      '@algolia/client-common': 4.22.1
      '@algolia/client-search': 4.22.1
      '@algolia/transporter': 4.22.1
    dev: false

  /@algolia/client-analytics@4.22.1:
    resolution: {integrity: sha512-1ssi9pyxyQNN4a7Ji9R50nSdISIumMFDwKNuwZipB6TkauJ8J7ha/uO60sPJFqQyqvvI+px7RSNRQT3Zrvzieg==}
    dependencies:
      '@algolia/client-common': 4.22.1
      '@algolia/client-search': 4.22.1
      '@algolia/requester-common': 4.22.1
      '@algolia/transporter': 4.22.1
    dev: false

  /@algolia/client-common@4.22.1:
    resolution: {integrity: sha512-IvaL5v9mZtm4k4QHbBGDmU3wa/mKokmqNBqPj0K7lcR8ZDKzUorhcGp/u8PkPC/e0zoHSTvRh7TRkGX3Lm7iOQ==}
    dependencies:
      '@algolia/requester-common': 4.22.1
      '@algolia/transporter': 4.22.1
    dev: false

  /@algolia/client-personalization@4.22.1:
    resolution: {integrity: sha512-sl+/klQJ93+4yaqZ7ezOttMQ/nczly/3GmgZXJ1xmoewP5jmdP/X/nV5U7EHHH3hCUEHeN7X1nsIhGPVt9E1cQ==}
    dependencies:
      '@algolia/client-common': 4.22.1
      '@algolia/requester-common': 4.22.1
      '@algolia/transporter': 4.22.1
    dev: false

  /@algolia/client-search@4.22.1:
    resolution: {integrity: sha512-yb05NA4tNaOgx3+rOxAmFztgMTtGBi97X7PC3jyNeGiwkAjOZc2QrdZBYyIdcDLoI09N0gjtpClcackoTN0gPA==}
    dependencies:
      '@algolia/client-common': 4.22.1
      '@algolia/requester-common': 4.22.1
      '@algolia/transporter': 4.22.1
    dev: false

  /@algolia/logger-common@4.22.1:
    resolution: {integrity: sha512-OnTFymd2odHSO39r4DSWRFETkBufnY2iGUZNrMXpIhF5cmFE8pGoINNPzwg02QLBlGSaLqdKy0bM8S0GyqPLBg==}
    dev: false

  /@algolia/logger-console@4.22.1:
    resolution: {integrity: sha512-O99rcqpVPKN1RlpgD6H3khUWylU24OXlzkavUAMy6QZd1776QAcauE3oP8CmD43nbaTjBexZj2nGsBH9Tc0FVA==}
    dependencies:
      '@algolia/logger-common': 4.22.1
    dev: false

  /@algolia/requester-browser-xhr@4.22.1:
    resolution: {integrity: sha512-dtQGYIg6MteqT1Uay3J/0NDqD+UciHy3QgRbk7bNddOJu+p3hzjTRYESqEnoX/DpEkaNYdRHUKNylsqMpgwaEw==}
    dependencies:
      '@algolia/requester-common': 4.22.1
    dev: false

  /@algolia/requester-common@4.22.1:
    resolution: {integrity: sha512-dgvhSAtg2MJnR+BxrIFqlLtkLlVVhas9HgYKMk2Uxiy5m6/8HZBL40JVAMb2LovoPFs9I/EWIoFVjOrFwzn5Qg==}
    dev: false

  /@algolia/requester-node-http@4.22.1:
    resolution: {integrity: sha512-JfmZ3MVFQkAU+zug8H3s8rZ6h0ahHZL/SpMaSasTCGYR5EEJsCc8SI5UZ6raPN2tjxa5bxS13BRpGSBUens7EA==}
    dependencies:
      '@algolia/requester-common': 4.22.1
    dev: false

  /@algolia/transporter@4.22.1:
    resolution: {integrity: sha512-kzWgc2c9IdxMa3YqA6TN0NW5VrKYYW/BELIn7vnLyn+U/RFdZ4lxxt9/8yq3DKV5snvoDzzO4ClyejZRdV3lMQ==}
    dependencies:
      '@algolia/cache-common': 4.22.1
      '@algolia/logger-common': 4.22.1
      '@algolia/requester-common': 4.22.1
    dev: false

  /algoliasearch@4.22.1:
    resolution: {integrity: sha512-jwydKFQJKIx9kIZ8Jm44SdpigFwRGPESaxZBaHSV0XWN2yBJAOT4mT7ppvlrpA4UGzz92pqFnVKr/kaZXrcreg==}
    dependencies:
      '@algolia/cache-browser-local-storage': 4.22.1
      '@algolia/cache-common': 4.22.1
      '@algolia/cache-in-memory': 4.22.1
      '@algolia/client-account': 4.22.1
      '@algolia/client-analytics': 4.22.1
      '@algolia/client-common': 4.22.1
      '@algolia/client-personalization': 4.22.1
      '@algolia/client-search': 4.22.1
      '@algolia/logger-common': 4.22.1
      '@algolia/logger-console': 4.22.1
      '@algolia/requester-browser-xhr': 4.22.1
      '@algolia/requester-common': 4.22.1
      '@algolia/requester-node-http': 4.22.1
      '@algolia/transporter': 4.22.1
    dev: false

  /buffer-writer@2.0.0:
    resolution: {integrity: sha512-a7ZpuTZU1TRtnwyCNW3I5dc0wWNC3VR9S++Ewyk2HHZdrO3CQJqSpd+95Us590V6AL7JqUAH2IwZ/398PmNFgw==}
    engines: {node: '>=4'}
    dev: false

  /dotenv@16.4.5:
    resolution: {integrity: sha512-ZmdL2rui+eB2YwhsWzjInR8LldtZHGDoQ1ugH85ppHKwpUHL7j7rN0Ti9NCnGiQbhaZ11FpR+7ao1dNsmduNUg==}
    engines: {node: '>=12'}
    dev: false

  /lodash@4.17.21:
    resolution: {integrity: sha512-v2kDEe57lecTulaDIuNTPy3Ry4gLGJ6Z1O3vE1krgXZNrsQ+LFTGHVxVjcXPs17LhbZVGedAJv8XZ1tvj5FvSg==}
    dev: false

  /packet-reader@1.0.0:
    resolution: {integrity: sha512-HAKu/fG3HpHFO0AA8WE8q2g+gBJaZ9MG7fcKk+IJPLTGAD6Psw4443l+9DGRbOIh3/aXr7Phy0TjilYivJo5XQ==}
    dev: false

  /pg-cloudflare@1.1.1:
    resolution: {integrity: sha512-xWPagP/4B6BgFO+EKz3JONXv3YDgvkbVrGw2mTo3D6tVDQRh1e7cqVGvyR3BE+eQgAvx1XhW/iEASj4/jCWl3Q==}
    requiresBuild: true
    dev: false
    optional: true

  /pg-connection-string@2.6.2:
    resolution: {integrity: sha512-ch6OwaeaPYcova4kKZ15sbJ2hKb/VP48ZD2gE7i1J+L4MspCtBMAx8nMgz7bksc7IojCIIWuEhHibSMFH8m8oA==}
    dev: false

  /pg-int8@1.0.1:
    resolution: {integrity: sha512-WCtabS6t3c8SkpDBUlb1kjOs7l66xsGdKpIPZsg4wR+B3+u9UAum2odSsF9tnvxg80h4ZxLWMy4pRjOsFIqQpw==}
    engines: {node: '>=4.0.0'}
    dev: false

  /pg-pool@3.6.1(pg@8.11.3):
    resolution: {integrity: sha512-jizsIzhkIitxCGfPRzJn1ZdcosIt3pz9Sh3V01fm1vZnbnCMgmGl5wvGGdNN2EL9Rmb0EcFoCkixH4Pu+sP9Og==}
    peerDependencies:
      pg: '>=8.0'
    dependencies:
      pg: 8.11.3
    dev: false

  /pg-protocol@1.6.0:
    resolution: {integrity: sha512-M+PDm637OY5WM307051+bsDia5Xej6d9IR4GwJse1qA1DIhiKlksvrneZOYQq42OM+spubpcNYEo2FcKQrDk+Q==}
    dev: false

  /pg-types@2.2.0:
    resolution: {integrity: sha512-qTAAlrEsl8s4OiEQY69wDvcMIdQN6wdz5ojQiOy6YRMuynxenON0O5oCpJI6lshc6scgAY8qvJ2On/p+CXY0GA==}
    engines: {node: '>=4'}
    dependencies:
      pg-int8: 1.0.1
      postgres-array: 2.0.0
      postgres-bytea: 1.0.0
      postgres-date: 1.0.7
      postgres-interval: 1.2.0
    dev: false

  /pg@8.11.3:
    resolution: {integrity: sha512-+9iuvG8QfaaUrrph+kpF24cXkH1YOOUeArRNYIxq1viYHZagBxrTno7cecY1Fa44tJeZvaoG+Djpkc3JwehN5g==}
    engines: {node: '>= 8.0.0'}
    peerDependencies:
      pg-native: '>=3.0.1'
    peerDependenciesMeta:
      pg-native:
        optional: true
    dependencies:
      buffer-writer: 2.0.0
      packet-reader: 1.0.0
      pg-connection-string: 2.6.2
      pg-pool: 3.6.1(pg@8.11.3)
      pg-protocol: 1.6.0
      pg-types: 2.2.0
      pgpass: 1.0.5
    optionalDependencies:
      pg-cloudflare: 1.1.1
    dev: false

  /pgpass@1.0.5:
    resolution: {integrity: sha512-FdW9r/jQZhSeohs1Z3sI1yxFQNFvMcnmfuj4WBMUTxOrAyLMaTcE1aAMBiTlbMNaXvBCQuVi0R7hd8udDSP7ug==}
    dependencies:
      split2: 4.2.0
    dev: false

  /postgres-array@2.0.0:
    resolution: {integrity: sha512-VpZrUqU5A69eQyW2c5CA1jtLecCsN2U/bD6VilrFDWq5+5UIEVO7nazS3TEcHf1zuPYO/sqGvUvW62g86RXZuA==}
    engines: {node: '>=4'}
    dev: false

  /postgres-bytea@1.0.0:
    resolution: {integrity: sha512-xy3pmLuQqRBZBXDULy7KbaitYqLcmxigw14Q5sj8QBVLqEwXfeybIKVWiqAXTlcvdvb0+xkOtDbfQMOf4lST1w==}
    engines: {node: '>=0.10.0'}
    dev: false

  /postgres-date@1.0.7:
    resolution: {integrity: sha512-suDmjLVQg78nMK2UZ454hAG+OAW+HQPZ6n++TNDUX+L0+uUlLywnoxJKDou51Zm+zTCjrCl0Nq6J9C5hP9vK/Q==}
    engines: {node: '>=0.10.0'}
    dev: false

  /postgres-interval@1.2.0:
    resolution: {integrity: sha512-9ZhXKM/rw350N1ovuWHbGxnGh/SNJ4cnxHiM0rxE4VN41wsg8P8zWn9hv/buK00RP4WvlOyr/RBDiptyxVbkZQ==}
    engines: {node: '>=0.10.0'}
    dependencies:
      xtend: 4.0.2
    dev: false

  /split2@4.2.0:
    resolution: {integrity: sha512-UcjcJOWknrNkF6PLX83qcHM6KHgVKNkV62Y8a5uYDVv9ydGQVwAHMKqHdJje1VTWpljG0WYpCDhrCdAOYH4TWg==}
    engines: {node: '>= 10.x'}
    dev: false

  /xtend@4.0.2:
    resolution: {integrity: sha512-LKYU1iAXJXUgAXn9URjiu+MWhyUXHsvfp7mcuYm9dSUKK0/CjtrUwFAxD82/mCWbtLsGjFIad0wIsod4zrTAEQ==}
    engines: {node: '>=0.4'}
    dev: false
